
Microsoft Visual Studio Solution File, Format Version 12.00
# Visual Studio 2013
VisualStudioVersion = 12.0.21005.1
MinimumVisualStudioVersion = 10.0.40219.1
Project("{FAE04EC0-301F-11D3-BF4B-00C04F79EFBC}") = "MMS.ETL", "MMS.ETL\MMS.ETL.csproj", "{0BE4C2C1-E3C5-40C0-91C9-616D319E3147}"
EndProject
Project("{FAE04EC0-301F-11D3-BF4B-00C04F79EFBC}") = "MMC.FastDB", "MMC.FastDB\MMC.FastDB.csproj", "{579AF610-C141-4351-A1A9-A47666952F45}"
EndProject
Project("{FAE04EC0-301F-11D3-BF4B-00C04F79EFBC}") = "MMS.Core", "MMS.Core\MMS.Core.csproj", "{17300D16-D367-47EA-B066-006127B68B07}"
EndProject
Global
	GlobalSection(SolutionConfigurationPlatforms) = preSolution
		Debug|Any CPU = Debug|Any CPU
		Release|Any CPU = Release|Any CPU
	EndGlobalSection
	GlobalSection(ProjectConfigurationPlatforms) = postSolution
		{0BE4C2C1-E3C5-40C0-91C9-616D319E3147}.Debug|Any CPU.ActiveCfg = Debug|Any CPU
		{0BE4C2C1-E3C5-40C0-91C9-616D319E3147}.Debug|Any CPU.Build.0 = Debug|Any CPU
		{0BE4C2C1-E3C5-40C0-91C9-616D319E3147}.Release|Any CPU.ActiveCfg = Release|Any CPU
		{0BE4C2C1-E3C5-40C0-91C9-616D319E3147}.Release|Any CPU.Build.0 = Release|Any CPU
		{579AF610-C141-4351-A1A9-A47666952F45}.Debug|Any CPU.ActiveCfg = Debug|Any CPU
		{579AF610-C141-4351-A1A9-A47666952F45}.Debug|Any CPU.Build.0 = Debug|Any CPU
		{579AF610-C141-4351-A1A9-A47666952F45}.Release|Any CPU.ActiveCfg = Release|Any CPU
		{579AF610-C141-4351-A1A9-A47666952F45}.Release|Any CPU.Build.0 = Release|Any CPU
		{17300D16-D367-47EA-B066-006127B68B07}.Debug|Any CPU.ActiveCfg = Debug|Any CPU
		{17300D16-D367-47EA-B066-006127B68B07}.Debug|Any CPU.Build.0 = Debug|Any CPU
		{17300D16-D367-47EA-B066-006127B68B07}.Release|Any CPU.ActiveCfg = Release|Any CPU
		{17300D16-D367-47EA-B066-006127B68B07}.Release|Any CPU.Build.0 = Release|Any CPU
	EndGlobalSection
	GlobalSection(SolutionProperties) = preSolution
		HideSolutionNode = FALSE
	EndGlobalSection
EndGlobal
